{
    "_readme": [
        "This file locks the dependencies of your project to a known state",
        "Read more about it at https://getcomposer.org/doc/01-basic-usage.md#composer-lock-the-lock-file",
        "This file is @generated automatically"
    ],
    "content-hash": "c22f86da6468703da959ab983a5ea4d6",
    "packages": [
        {
            "name": "obray/obray",
            "version": "dev-master",
            "source": {
                "type": "git",
                "url": "https://github.com/nateobray/obray.git",
                "reference": "cee3059cef08106b65e2d344e33de15d335873e9"
            },
            "dist": {
                "type": "zip",
                "url": "https://api.github.com/repos/nateobray/obray/zipball/cee3059cef08106b65e2d344e33de15d335873e9",
                "reference": "cee3059cef08106b65e2d344e33de15d335873e9",
                "shasum": ""
            },
            "require": {
                "php": ">=7.0",
                "psr/log": "1.0.*"
            },
            "type": "library",
            "autoload": {
                "psr-4": {
                    "obray\\": "src"
                }
            },
            "notification-url": "https://packagist.org/downloads/",
            "license": [
                "MIT"
            ],
            "description": "Simple PHP framework for websites and applications.",
            "homepage": "http://www.obray.net",
            "time": "2018-10-07T02:22:32+00:00"
        },
        {
            "name": "psr/log",
            "version": "1.0.2",
            "source": {
                "type": "git",
                "url": "https://github.com/php-fig/log.git",
                "reference": "4ebe3a8bf773a19edfe0a84b6585ba3d401b724d"
            },
            "dist": {
                "type": "zip",
                "url": "https://api.github.com/repos/php-fig/log/zipball/4ebe3a8bf773a19edfe0a84b6585ba3d401b724d",
                "reference": "4ebe3a8bf773a19edfe0a84b6585ba3d401b724d",
                "shasum": ""
            },
            "require": {
                "php": ">=5.3.0"
            },
            "type": "library",
            "extra": {
                "branch-alias": {
                    "dev-master": "1.0.x-dev"
                }
            },
            "autoload": {
                "psr-4": {
                    "Psr\\Log\\": "Psr/Log/"
                }
            },
            "notification-url": "https://packagist.org/downloads/",
            "license": [
                "MIT"
            ],
            "authors": [
                {
                    "name": "PHP-FIG",
                    "homepage": "http://www.php-fig.org/"
                }
            ],
            "description": "Common interface for logging libraries",
            "homepage": "https://github.com/php-fig/log",
            "keywords": [
                "log",
                "psr",
                "psr-3"
            ],
            "time": "2016-10-10T12:19:37+00:00"
        }
    ],
    "packages-dev": [],
    "aliases": [],
    "minimum-stability": "stable",
    "stability-flags": {
        "obray/obray": 20
    },
    "prefer-stable": false,
    "prefer-lowest": false,
    "platform": [],
    "platform-dev": []
}
